// !$*UTF8*$!
{
	archiveVersion = 1;
	classes = {
	};
	objectVersion = 43;
	objects = {

/* Begin PBXBuildFile section */
		0A7022590BF2F30800559D60 /* SelectCompositionText.qtz in Resources */ = {isa = PBXBuildFile; fileRef = 0A7022580BF2F30800559D60 /* SelectCompositionText.qtz */; };
		0A751A5E0BEFFEA300B9D865 /* ProcessingRenderer.m in Sources */ = {isa = PBXBuildFile; fileRef = 0A751A5D0BEFFEA300B9D865 /* ProcessingRenderer.m */; };
		0A77140F0BF1070B0004CA06 /* DrawingRenderer.m in Sources */ = {isa = PBXBuildFile; fileRef = 0A77140E0BF1070B0004CA06 /* DrawingRenderer.m */; };
		0A90F5E80BF5316300F3AD96 /* VisualizationPreview.qtz in Resources */ = {isa = PBXBuildFile; fileRef = 0A90F5E70BF5316300F3AD96 /* VisualizationPreview.qtz */; };
		0A92B5550BCC626100AFC36B /* MyApplication.m in Sources */ = {isa = PBXBuildFile; fileRef = 0A92B5540BCC626100AFC36B /* MyApplication.m */; };
		0A99C2B90BFBD963000421ED /* Connection.m in Sources */ = {isa = PBXBuildFile; fileRef = 0A99C2B70BFBD963000421ED /* Connection.m */; };
		0A99C3D70BFE8F3F000421ED /* Utils.m in Sources */ = {isa = PBXBuildFile; fileRef = 0A99C3D60BFE8F3F000421ED /* Utils.m */; };
		239282300BFB930400D2397F /* MainMenu.nib in Resources */ = {isa = PBXBuildFile; fileRef = 2392822E0BFB930400D2397F /* MainMenu.nib */; };
		23BF0A570A8189C100AD91F7 /* Quartz.framework in Frameworks */ = {isa = PBXBuildFile; fileRef = 23BF0A560A8189C100AD91F7 /* Quartz.framework */; };
		23C6AF690C271CA1002EBD49 /* Host.m in Sources */ = {isa = PBXBuildFile; fileRef = 23C6AF660C271CA1002EBD49 /* Host.m */; };
		23C6AF6A0C271CA1002EBD49 /* Client.m in Sources */ = {isa = PBXBuildFile; fileRef = 23C6AF680C271CA1002EBD49 /* Client.m */; };
		23C6AF6D0C271CB0002EBD49 /* IconView.m in Sources */ = {isa = PBXBuildFile; fileRef = 23C6AF6B0C271CB0002EBD49 /* IconView.m */; };
		23C6B2C60C2734BC002EBD49 /* OpenGL.framework in Frameworks */ = {isa = PBXBuildFile; fileRef = 23C6B2C50C2734BC002EBD49 /* OpenGL.framework */; };
		846E9A610BFA6FC300FC816E /* Icon.icns in Resources */ = {isa = PBXBuildFile; fileRef = 846E9A600BFA6FC300FC816E /* Icon.icns */; };
		848203640BFE2DE300CD92D9 /* Screens.m in Sources */ = {isa = PBXBuildFile; fileRef = 848203630BFE2DE300CD92D9 /* Screens.m */; };
		848203670BFE2DF300CD92D9 /* Message.m in Sources */ = {isa = PBXBuildFile; fileRef = 848203660BFE2DF300CD92D9 /* Message.m */; };
		849B47C80BFCE1FF00D01E1F /* Service.m in Sources */ = {isa = PBXBuildFile; fileRef = 849B47C70BFCE1FF00D01E1F /* Service.m */; };
		849B47E30BFCE61D00D01E1F /* Server.m in Sources */ = {isa = PBXBuildFile; fileRef = 849B47E20BFCE61D00D01E1F /* Server.m */; };
		8D11072D0486CEB800E47090 /* main.m in Sources */ = {isa = PBXBuildFile; fileRef = 29B97316FDCFA39411CA2CEA /* main.m */; settings = {ATTRIBUTES = (); }; };
		8D11072F0486CEB800E47090 /* Cocoa.framework in Frameworks */ = {isa = PBXBuildFile; fileRef = 1058C7A1FEA54F0111CA2CBB /* Cocoa.framework */; };
/* End PBXBuildFile section */

/* Begin PBXFileReference section */
		016024880BF944530092B334 /* Quartz Composer Visualizer.app */ = {isa = PBXFileReference; explicitFileType = wrapper.application; includeInIndex = 0; path = "Quartz Composer Visualizer.app"; sourceTree = BUILT_PRODUCTS_DIR; };
		0A7022580BF2F30800559D60 /* SelectCompositionText.qtz */ = {isa = PBXFileReference; lastKnownFileType = file; path = SelectCompositionText.qtz; sourceTree = "<group>"; };
		0A751A5C0BEFFEA300B9D865 /* ProcessingRenderer.h */ = {isa = PBXFileReference; fileEncoding = 4; lastKnownFileType = sourcecode.c.h; path = ProcessingRenderer.h; sourceTree = "<group>"; };
		0A751A5D0BEFFEA300B9D865 /* ProcessingRenderer.m */ = {isa = PBXFileReference; fileEncoding = 4; lastKnownFileType = sourcecode.c.objc; path = ProcessingRenderer.m; sourceTree = "<group>"; };
		0A77140D0BF1070B0004CA06 /* DrawingRenderer.h */ = {isa = PBXFileReference; fileEncoding = 4; lastKnownFileType = sourcecode.c.h; path = DrawingRenderer.h; sourceTree = "<group>"; };
		0A77140E0BF1070B0004CA06 /* DrawingRenderer.m */ = {isa = PBXFileReference; fileEncoding = 4; lastKnownFileType = sourcecode.c.objc; path = DrawingRenderer.m; sourceTree = "<group>"; };
		0A90F5E70BF5316300F3AD96 /* VisualizationPreview.qtz */ = {isa = PBXFileReference; lastKnownFileType = file; path = VisualizationPreview.qtz; sourceTree = "<group>"; };
		0A92B5530BCC626100AFC36B /* MyApplication.h */ = {isa = PBXFileReference; fileEncoding = 4; lastKnownFileType = sourcecode.c.h; path = MyApplication.h; sourceTree = "<group>"; };
		0A92B5540BCC626100AFC36B /* MyApplication.m */ = {isa = PBXFileReference; fileEncoding = 4; lastKnownFileType = sourcecode.c.objc; path = MyApplication.m; sourceTree = "<group>"; };
		0A99C2B60BFBD963000421ED /* Connection.h */ = {isa = PBXFileReference; fileEncoding = 30; lastKnownFileType = sourcecode.c.h; path = Connection.h; sourceTree = "<group>"; };
		0A99C2B70BFBD963000421ED /* Connection.m */ = {isa = PBXFileReference; fileEncoding = 30; lastKnownFileType = sourcecode.c.objc; path = Connection.m; sourceTree = "<group>"; };
		0A99C3D50BFE8F3F000421ED /* Utils.h */ = {isa = PBXFileReference; fileEncoding = 4; lastKnownFileType = sourcecode.c.h; path = Utils.h; sourceTree = "<group>"; };
		0A99C3D60BFE8F3F000421ED /* Utils.m */ = {isa = PBXFileReference; fileEncoding = 4; lastKnownFileType = sourcecode.c.objc; path = Utils.m; sourceTree = "<group>"; };
		1058C7A1FEA54F0111CA2CBB /* Cocoa.framework */ = {isa = PBXFileReference; lastKnownFileType = wrapper.framework; name = Cocoa.framework; path = /System/Library/Frameworks/Cocoa.framework; sourceTree = "<absolute>"; };
		2392822F0BFB930400D2397F /* English */ = {isa = PBXFileReference; lastKnownFileType = wrapper.nib; name = English; path = English.lproj/MainMenu.nib; sourceTree = "<group>"; };
		23BF0A560A8189C100AD91F7 /* Quartz.framework */ = {isa = PBXFileReference; lastKnownFileType = wrapper.framework; name = Quartz.framework; path = /System/Library/Frameworks/Quartz.framework; sourceTree = "<absolute>"; };
		23C6AF650C271CA1002EBD49 /* Client.h */ = {isa = PBXFileReference; fileEncoding = 30; lastKnownFileType = sourcecode.c.h; path = Client.h; sourceTree = "<group>"; };
		23C6AF660C271CA1002EBD49 /* Host.m */ = {isa = PBXFileReference; fileEncoding = 30; lastKnownFileType = sourcecode.c.objc; path = Host.m; sourceTree = "<group>"; };
		23C6AF670C271CA1002EBD49 /* Host.h */ = {isa = PBXFileReference; fileEncoding = 30; lastKnownFileType = sourcecode.c.h; path = Host.h; sourceTree = "<group>"; };
		23C6AF680C271CA1002EBD49 /* Client.m */ = {isa = PBXFileReference; fileEncoding = 30; lastKnownFileType = sourcecode.c.objc; path = Client.m; sourceTree = "<group>"; };
		23C6AF6B0C271CB0002EBD49 /* IconView.m */ = {isa = PBXFileReference; fileEncoding = 30; lastKnownFileType = sourcecode.c.objc; path = IconView.m; sourceTree = "<group>"; };
		23C6AF6C0C271CB0002EBD49 /* IconView.h */ = {isa = PBXFileReference; fileEncoding = 30; lastKnownFileType = sourcecode.c.h; path = IconView.h; sourceTree = "<group>"; };
		23C6B2C50C2734BC002EBD49 /* OpenGL.framework */ = {isa = PBXFileReference; lastKnownFileType = wrapper.framework; name = OpenGL.framework; path = /System/Library/Frameworks/OpenGL.framework; sourceTree = "<absolute>"; };
		29B97316FDCFA39411CA2CEA /* main.m */ = {isa = PBXFileReference; fileEncoding = 4; lastKnownFileType = sourcecode.c.objc; path = main.m; sourceTree = "<group>"; };
		32CA4F630368D1EE00C91783 /* Prefix.pch */ = {isa = PBXFileReference; fileEncoding = 4; lastKnownFileType = sourcecode.c.h; path = Prefix.pch; sourceTree = "<group>"; };
		846E9A600BFA6FC300FC816E /* Icon.icns */ = {isa = PBXFileReference; lastKnownFileType = image.icns; path = Icon.icns; sourceTree = "<group>"; };
		848203620BFE2DE300CD92D9 /* Screens.h */ = {isa = PBXFileReference; fileEncoding = 4; lastKnownFileType = sourcecode.c.h; path = Screens.h; sourceTree = "<group>"; };
		848203630BFE2DE300CD92D9 /* Screens.m */ = {isa = PBXFileReference; fileEncoding = 4; lastKnownFileType = sourcecode.c.objc; path = Screens.m; sourceTree = "<group>"; };
		848203650BFE2DF300CD92D9 /* Message.h */ = {isa = PBXFileReference; fileEncoding = 4; lastKnownFileType = sourcecode.c.h; path = Message.h; sourceTree = "<group>"; };
		848203660BFE2DF300CD92D9 /* Message.m */ = {isa = PBXFileReference; fileEncoding = 4; lastKnownFileType = sourcecode.c.objc; path = Message.m; sourceTree = "<group>"; };
		849B47C60BFCE1FF00D01E1F /* Service.h */ = {isa = PBXFileReference; fileEncoding = 30; lastKnownFileType = sourcecode.c.h; path = Service.h; sourceTree = "<group>"; };
		849B47C70BFCE1FF00D01E1F /* Service.m */ = {isa = PBXFileReference; fileEncoding = 30; lastKnownFileType = sourcecode.c.objc; path = Service.m; sourceTree = "<group>"; };
		849B47E10BFCE61D00D01E1F /* Server.h */ = {isa = PBXFileReference; fileEncoding = 30; lastKnownFileType = sourcecode.c.h; path = Server.h; sourceTree = "<group>"; };
		849B47E20BFCE61D00D01E1F /* Server.m */ = {isa = PBXFileReference; fileEncoding = 30; lastKnownFileType = sourcecode.c.objc; path = Server.m; sourceTree = "<group>"; };
		8D1107310486CEB800E47090 /* Info.plist */ = {isa = PBXFileReference; fileEncoding = 4; lastKnownFileType = text.plist.xml; path = Info.plist; sourceTree = "<group>"; };
/* End PBXFileReference section */

/* Begin PBXFrameworksBuildPhase section */
		8D11072E0486CEB800E47090 /* Frameworks */ = {
			isa = PBXFrameworksBuildPhase;
			buildActionMask = 2147483647;
			files = (
				8D11072F0486CEB800E47090 /* Cocoa.framework in Frameworks */,
				23BF0A570A8189C100AD91F7 /* Quartz.framework in Frameworks */,
				23C6B2C60C2734BC002EBD49 /* OpenGL.framework in Frameworks */,
			);
			runOnlyForDeploymentPostprocessing = 0;
		};
/* End PBXFrameworksBuildPhase section */

/* Begin PBXGroup section */
		0A7F85B80BF8FA7C00369680 /* Renderers */ = {
			isa = PBXGroup;
			children = (
				0A751A5C0BEFFEA300B9D865 /* ProcessingRenderer.h */,
				0A751A5D0BEFFEA300B9D865 /* ProcessingRenderer.m */,
				0A77140D0BF1070B0004CA06 /* DrawingRenderer.h */,
				0A77140E0BF1070B0004CA06 /* DrawingRenderer.m */,
			);
			path = Renderers;
			sourceTree = "<group>";
		};
		0A92B5560BCC626800AFC36B /* Application */ = {
			isa = PBXGroup;
			children = (
				0A92B5530BCC626100AFC36B /* MyApplication.h */,
				0A92B5540BCC626100AFC36B /* MyApplication.m */,
				23C6AF670C271CA1002EBD49 /* Host.h */,
				23C6AF660C271CA1002EBD49 /* Host.m */,
				23C6AF650C271CA1002EBD49 /* Client.h */,
				23C6AF680C271CA1002EBD49 /* Client.m */,
			);
			path = Application;
			sourceTree = "<group>";
		};
		0A99C1730BFBB6F9000421ED /* Network */ = {
			isa = PBXGroup;
			children = (
				848203650BFE2DF300CD92D9 /* Message.h */,
				848203660BFE2DF300CD92D9 /* Message.m */,
				849B47C60BFCE1FF00D01E1F /* Service.h */,
				849B47C70BFCE1FF00D01E1F /* Service.m */,
				849B47E10BFCE61D00D01E1F /* Server.h */,
				849B47E20BFCE61D00D01E1F /* Server.m */,
				0A99C2B60BFBD963000421ED /* Connection.h */,
				0A99C2B70BFBD963000421ED /* Connection.m */,
			);
			path = Network;
			sourceTree = "<group>";
		};
		19C28FACFE9D520D11CA2CBB /* Products */ = {
			isa = PBXGroup;
			children = (
				016024880BF944530092B334 /* Quartz Composer Visualizer.app */,
			);
			name = Products;
			sourceTree = "<group>";
		};
		29B97314FDCFA39411CA2CEA /* Composition Repository Browser */ = {
			isa = PBXGroup;
			children = (
				0A92B5560BCC626800AFC36B /* Application */,
				848203610BFE2C7C00CD92D9 /* Extras */,
				0A99C1730BFBB6F9000421ED /* Network */,
				29B97315FDCFA39411CA2CEA /* Other Sources */,
				0A7F85B80BF8FA7C00369680 /* Renderers */,
				29B97317FDCFA39411CA2CEA /* Resources */,
				29B97323FDCFA39411CA2CEA /* Frameworks */,
				19C28FACFE9D520D11CA2CBB /* Products */,
			);
			name = "Composition Repository Browser";
			sourceTree = "<group>";
		};
		29B97315FDCFA39411CA2CEA /* Other Sources */ = {
			isa = PBXGroup;
			children = (
				32CA4F630368D1EE00C91783 /* Prefix.pch */,
				29B97316FDCFA39411CA2CEA /* main.m */,
			);
			path = "Other Sources";
			sourceTree = "<group>";
		};
		29B97317FDCFA39411CA2CEA /* Resources */ = {
			isa = PBXGroup;
			children = (
				846E9A600BFA6FC300FC816E /* Icon.icns */,
				8D1107310486CEB800E47090 /* Info.plist */,
				2392822E0BFB930400D2397F /* MainMenu.nib */,
				0A90F5E70BF5316300F3AD96 /* VisualizationPreview.qtz */,
				0A7022580BF2F30800559D60 /* SelectCompositionText.qtz */,
			);
			path = Resources;
			sourceTree = "<group>";
		};
		29B97323FDCFA39411CA2CEA /* Frameworks */ = {
			isa = PBXGroup;
			children = (
				1058C7A1FEA54F0111CA2CBB /* Cocoa.framework */,
				23BF0A560A8189C100AD91F7 /* Quartz.framework */,
				23C6B2C50C2734BC002EBD49 /* OpenGL.framework */,
			);
			name = Frameworks;
			sourceTree = "<group>";
		};
		848203610BFE2C7C00CD92D9 /* Extras */ = {
			isa = PBXGroup;
			children = (
				848203620BFE2DE300CD92D9 /* Screens.h */,
				848203630BFE2DE300CD92D9 /* Screens.m */,
				0A99C3D50BFE8F3F000421ED /* Utils.h */,
				0A99C3D60BFE8F3F000421ED /* Utils.m */,
				23C6AF6C0C271CB0002EBD49 /* IconView.h */,
				23C6AF6B0C271CB0002EBD49 /* IconView.m */,
			);
			path = Extras;
			sourceTree = "<group>";
		};
/* End PBXGroup section */

/* Begin PBXNativeTarget section */
		8D1107260486CEB800E47090 /* QuartzComposerVisualizer */ = {
			isa = PBXNativeTarget;
			buildConfigurationList = C01FCF4A08A954540054247B /* Build configuration list for PBXNativeTarget "QuartzComposerVisualizer" */;
			buildPhases = (
				8D1107290486CEB800E47090 /* Resources */,
				8D11072C0486CEB800E47090 /* Sources */,
				8D11072E0486CEB800E47090 /* Frameworks */,
				84C496580C4ED4C50058BF78 /* ShellScript */,
			);
			buildRules = (
			);
			dependencies = (
			);
			name = QuartzComposerVisualizer;
			productInstallPath = "$(HOME)/Applications";
			productName = "Composition Repository Browser";
			productReference = 016024880BF944530092B334 /* Quartz Composer Visualizer.app */;
			productType = "com.apple.product-type.application";
		};
/* End PBXNativeTarget section */

/* Begin PBXProject section */
		29B97313FDCFA39411CA2CEA /* Project object */ = {
			isa = PBXProject;
			buildConfigurationList = C01FCF4E08A954540054247B /* Build configuration list for PBXProject "QuartzComposerVisualizer" */;
			compatibilityVersion = "Xcode 3.0";
			hasScannedForEncodings = 1;
			mainGroup = 29B97314FDCFA39411CA2CEA /* Composition Repository Browser */;
			projectDirPath = "";
			projectRoot = "";
			targets = (
				8D1107260486CEB800E47090 /* QuartzComposerVisualizer */,
			);
		};
/* End PBXProject section */

/* Begin PBXResourcesBuildPhase section */
		8D1107290486CEB800E47090 /* Resources */ = {
			isa = PBXResourcesBuildPhase;
			buildActionMask = 2147483647;
			files = (
				0A7022590BF2F30800559D60 /* SelectCompositionText.qtz in Resources */,
				0A90F5E80BF5316300F3AD96 /* VisualizationPreview.qtz in Resources */,
				846E9A610BFA6FC300FC816E /* Icon.icns in Resources */,
				239282300BFB930400D2397F /* MainMenu.nib in Resources */,
			);
			runOnlyForDeploymentPostprocessing = 0;
		};
/* End PBXResourcesBuildPhase section */

/* Begin PBXShellScriptBuildPhase section */
		84C496580C4ED4C50058BF78 /* ShellScript */ = {
			isa = PBXShellScriptBuildPhase;
			buildActionMask = 8;
			files = (
			);
			inputPaths = (
			);
			outputPaths = (
			);
			runOnlyForDeploymentPostprocessing = 1;
			shellPath = /bin/sh;
			shellScript = "INSTALL_PATH=\"$DSTROOT/Developer/Examples/Quartz Composer/Quartz Composer Visualizer\"\n\n# Copy source code\n/usr/bin/ditto \"$SRCROOT\" \"$INSTALL_PATH\"\n\n# Remove SVN stuff\n/usr/bin/find \"$INSTALL_PATH\" -depth -type d -name '.svn' -exec rm -rf {} \\;\n\n# Remove version stuff\n/usr/bin/find \"$INSTALL_PATH\" -depth -type f -name 'version.plist' -exec rm -f {} \\;\n\n# Remove build directory\n/usr/bin/find \"$INSTALL_PATH\" -depth -type d -name 'build' -exec rm -rf {} \\;\n";
			showEnvVarsInLog = 0;
		};
/* End PBXShellScriptBuildPhase section */

/* Begin PBXSourcesBuildPhase section */
		8D11072C0486CEB800E47090 /* Sources */ = {
			isa = PBXSourcesBuildPhase;
			buildActionMask = 2147483647;
			files = (
				8D11072D0486CEB800E47090 /* main.m in Sources */,
				0A92B5550BCC626100AFC36B /* MyApplication.m in Sources */,
				0A751A5E0BEFFEA300B9D865 /* ProcessingRenderer.m in Sources */,
				0A77140F0BF1070B0004CA06 /* DrawingRenderer.m in Sources */,
				0A99C2B90BFBD963000421ED /* Connection.m in Sources */,
				849B47C80BFCE1FF00D01E1F /* Service.m in Sources */,
				849B47E30BFCE61D00D01E1F /* Server.m in Sources */,
				848203640BFE2DE300CD92D9 /* Screens.m in Sources */,
				848203670BFE2DF300CD92D9 /* Message.m in Sources */,
				0A99C3D70BFE8F3F000421ED /* Utils.m in Sources */,
				23C6AF690C271CA1002EBD49 /* Host.m in Sources */,
				23C6AF6A0C271CA1002EBD49 /* Client.m in Sources */,
				23C6AF6D0C271CB0002EBD49 /* IconView.m in Sources */,
			);
			runOnlyForDeploymentPostprocessing = 0;
		};
/* End PBXSourcesBuildPhase section */

/* Begin PBXVariantGroup section */
		2392822E0BFB930400D2397F /* MainMenu.nib */ = {
			isa = PBXVariantGroup;
			children = (
				2392822F0BFB930400D2397F /* English */,
			);
			name = MainMenu.nib;
			sourceTree = "<group>";
		};
/* End PBXVariantGroup section */

/* Begin XCBuildConfiguration section */
		C01FCF4B08A954540054247B /* Debug */ = {
			isa = XCBuildConfiguration;
			buildSettings = {
				COPY_PHASE_STRIP = NO;
				CURRENT_PROJECT_VERSION = 11;
				GCC_DYNAMIC_NO_PIC = NO;
				GCC_ENABLE_FIX_AND_CONTINUE = YES;
				GCC_GENERATE_DEBUGGING_SYMBOLS = YES;
				GCC_OPTIMIZATION_LEVEL = 0;
				GCC_PRECOMPILE_PREFIX_HEADER = YES;
				GCC_PREFIX_HEADER = "Other Sources/Prefix.pch";
				GCC_WARN_UNUSED_VARIABLE = YES;
				INFOPLIST_FILE = Resources/Info.plist;
				INSTALL_PATH = "/Developer/Applications/Graphics Tools";
				PRODUCT_NAME = "Quartz Composer Visualizer";
				VERSIONING_SYSTEM = "apple-generic";
				WARNING_CFLAGS = "-Wall";
				WRAPPER_EXTENSION = app;
			};
			name = Debug;
		};
		C01FCF4C08A954540054247B /* Release */ = {
			isa = XCBuildConfiguration;
			buildSettings = {
				CURRENT_PROJECT_VERSION = 11;
				GCC_GENERATE_DEBUGGING_SYMBOLS = NO;
				GCC_PRECOMPILE_PREFIX_HEADER = YES;
				GCC_PREFIX_HEADER = "Other Sources/Prefix.pch";
				GCC_TREAT_WARNINGS_AS_ERRORS = YES;
				GCC_WARN_UNUSED_VARIABLE = YES;
				INFOPLIST_FILE = Resources/Info.plist;
				INSTALL_PATH = "/Developer/Applications/Graphics Tools";
				PRODUCT_NAME = "Quartz Composer Visualizer";
				VERSIONING_SYSTEM = "apple-generic";
				WARNING_CFLAGS = "-Wall";
				WRAPPER_EXTENSION = app;
			};
			name = Release;
		};
		C01FCF4F08A954540054247B /* Debug */ = {
			isa = XCBuildConfiguration;
			buildSettings = {
			};
			name = Debug;
		};
		C01FCF5008A954540054247B /* Release */ = {
			isa = XCBuildConfiguration;
			buildSettings = {
				ARCHS = (
					ppc,
					i386,
				);
			};
			name = Release;
		};
/* End XCBuildConfiguration section */

/* Begin XCConfigurationList section */
		C01FCF4A08A954540054247B /* Build configuration list for PBXNativeTarget "QuartzComposerVisualizer" */ = {
			isa = XCConfigurationList;
			buildConfigurations = (
				C01FCF4B08A954540054247B /* Debug */,
				C01FCF4C08A954540054247B /* Release */,
			);
			defaultConfigurationIsVisible = 0;
			defaultConfigurationName = Release;
		};
		C01FCF4E08A954540054247B /* Build configuration list for PBXProject "QuartzComposerVisualizer" */ = {
			isa = XCConfigurationList;
			buildConfigurations = (
				C01FCF4F08A954540054247B /* Debug */,
				C01FCF5008A954540054247B /* Release */,
			);
			defaultConfigurationIsVisible = 0;
			defaultConfigurationName = Release;
		};
/* End XCConfigurationList section */
	};
	rootObject = 29B97313FDCFA39411CA2CEA /* Project object */;
}
